
Microsoft Visual Studio Solution File, Format Version 12.00
# Visual Studio 15
VisualStudioVersion = 15.0.27703.2047
MinimumVisualStudioVersion = 10.0.40219.1
Project("{FAE04EC0-301F-11D3-BF4B-00C04F79EFBC}") = "ChatApp", "ChatApp\ChatApp.csproj", "{A298BA22-1DBA-4561-9021-5F39E1F6A069}"
EndProject
Global
	GlobalSection(SolutionConfigurationPlatforms) = preSolution
		Debug|Any CPU = Debug|Any CPU
		Release|Any CPU = Release|Any CPU
	EndGlobalSection
	GlobalSection(ProjectConfigurationPlatforms) = postSolution
		{A298BA22-1DBA-4561-9021-5F39E1F6A069}.Debug|Any CPU.ActiveCfg = Debug|Any CPU
		{A298BA22-1DBA-4561-9021-5F39E1F6A069}.Debug|Any CPU.Build.0 = Debug|Any CPU
		{A298BA22-1DBA-4561-9021-5F39E1F6A069}.Release|Any CPU.ActiveCfg = Release|Any CPU
		{A298BA22-1DBA-4561-9021-5F39E1F6A069}.Release|Any CPU.Build.0 = Release|Any CPU
	EndGlobalSection
	GlobalSection(SolutionProperties) = preSolution
		HideSolutionNode = FALSE
	EndGlobalSection
	GlobalSection(ExtensibilityGlobals) = postSolution
		SolutionGuid = {B4023DB6-32EF-4645-8D11-C463AB9EB9FB}
	EndGlobalSection
EndGlobal
